// !$*UTF8*$!
{
	archiveVersion = 1;
	classes = {
	};
	objectVersion = 46;
	objects = {

/* Begin PBXBuildFile section */
		23D614131D4071DB00627307 /* RegisterViewController.m in Sources */ = {isa = PBXBuildFile; fileRef = 23D614121D4071DB00627307 /* RegisterViewController.m */; };
		8603FF251D40A3B3009A3139 /* BuyerMainViewController.m in Sources */ = {isa = PBXBuildFile; fileRef = 8603FF241D40A3B3009A3139 /* BuyerMainViewController.m */; };
		8603FF291D40AAAA009A3139 /* search.png in Resources */ = {isa = PBXBuildFile; fileRef = 8603FF281D40AAAA009A3139 /* search.png */; };
		861076B71D401BC200E391F6 /* main.m in Sources */ = {isa = PBXBuildFile; fileRef = 861076B61D401BC200E391F6 /* main.m */; };
		861076BA1D401BC200E391F6 /* AppDelegate.m in Sources */ = {isa = PBXBuildFile; fileRef = 861076B91D401BC200E391F6 /* AppDelegate.m */; };
		861076BD1D401BC200E391F6 /* ViewController.m in Sources */ = {isa = PBXBuildFile; fileRef = 861076BC1D401BC200E391F6 /* ViewController.m */; };
		861076C01D401BC200E391F6 /* Main.storyboard in Resources */ = {isa = PBXBuildFile; fileRef = 861076BE1D401BC200E391F6 /* Main.storyboard */; };
		861076C31D401BC200E391F6 /* RentHouseProject.xcdatamodeld in Sources */ = {isa = PBXBuildFile; fileRef = 861076C11D401BC200E391F6 /* RentHouseProject.xcdatamodeld */; };
		861076C51D401BC200E391F6 /* Assets.xcassets in Resources */ = {isa = PBXBuildFile; fileRef = 861076C41D401BC200E391F6 /* Assets.xcassets */; };
		861076C81D401BC200E391F6 /* LaunchScreen.storyboard in Resources */ = {isa = PBXBuildFile; fileRef = 861076C61D401BC200E391F6 /* LaunchScreen.storyboard */; };
		867920C21D41EC940048BC1A /* MapViewController.m in Sources */ = {isa = PBXBuildFile; fileRef = 867920C11D41EC940048BC1A /* MapViewController.m */; };
		86836B221D413DC1000A57EB /* bluebar.png in Resources */ = {isa = PBXBuildFile; fileRef = 86836B201D413DC1000A57EB /* bluebar.png */; };
		86836B231D413DC1000A57EB /* selectedbluebar.png in Resources */ = {isa = PBXBuildFile; fileRef = 86836B211D413DC1000A57EB /* selectedbluebar.png */; };
		868676C81D487A05002C1280 /* back_arrow.png in Resources */ = {isa = PBXBuildFile; fileRef = 868676C51D487A05002C1280 /* back_arrow.png */; };
		868676C91D487A05002C1280 /* map_icon.png in Resources */ = {isa = PBXBuildFile; fileRef = 868676C61D487A05002C1280 /* map_icon.png */; };
		868676CA1D487A05002C1280 /* search_icon.png in Resources */ = {isa = PBXBuildFile; fileRef = 868676C71D487A05002C1280 /* search_icon.png */; };
		868676CF1D48841C002C1280 /* bg_blue.jpg in Resources */ = {isa = PBXBuildFile; fileRef = 868676CD1D48841C002C1280 /* bg_blue.jpg */; };
		868676D01D48841C002C1280 /* rainbow_bg.jpeg in Resources */ = {isa = PBXBuildFile; fileRef = 868676CE1D48841C002C1280 /* rainbow_bg.jpeg */; };
		868676D21D48850D002C1280 /* bg_pure.jpg in Resources */ = {isa = PBXBuildFile; fileRef = 868676D11D48850D002C1280 /* bg_pure.jpg */; };
		868676D41D4893A5002C1280 /* add.png in Resources */ = {isa = PBXBuildFile; fileRef = 868676D31D4893A5002C1280 /* add.png */; };
		868676D61D489466002C1280 /* proInforlogo.png in Resources */ = {isa = PBXBuildFile; fileRef = 868676D51D489466002C1280 /* proInforlogo.png */; };
		868676D81D4894F3002C1280 /* maplogosel.png in Resources */ = {isa = PBXBuildFile; fileRef = 868676D71D4894F3002C1280 /* maplogosel.png */; };
		868676DA1D489541002C1280 /* star.png in Resources */ = {isa = PBXBuildFile; fileRef = 868676D91D489541002C1280 /* star.png */; };
		868676DE1D4895D9002C1280 /* list.png in Resources */ = {isa = PBXBuildFile; fileRef = 868676DD1D4895D9002C1280 /* list.png */; };
		868676E01D489625002C1280 /* share.png in Resources */ = {isa = PBXBuildFile; fileRef = 868676DF1D489625002C1280 /* share.png */; };
		868676E21D4896A8002C1280 /* favlistlogo.png in Resources */ = {isa = PBXBuildFile; fileRef = 868676E11D4896A8002C1280 /* favlistlogo.png */; };
		868676E61D489B80002C1280 /* bg_wood.jpg in Resources */ = {isa = PBXBuildFile; fileRef = 868676E31D489B80002C1280 /* bg_wood.jpg */; };
		868676E71D489B80002C1280 /* bgcloud.jpeg in Resources */ = {isa = PBXBuildFile; fileRef = 868676E41D489B80002C1280 /* bgcloud.jpeg */; };
		868676E81D489B80002C1280 /* bgskyblue.jpg in Resources */ = {isa = PBXBuildFile; fileRef = 868676E51D489B80002C1280 /* bgskyblue.jpg */; };
		868676EB1D489F94002C1280 /* FavDetailViewController.m in Sources */ = {isa = PBXBuildFile; fileRef = 868676EA1D489F94002C1280 /* FavDetailViewController.m */; };
		86968D521D426FDE0082D818 /* MapKit.framework in Frameworks */ = {isa = PBXBuildFile; fileRef = 86968D511D426FDE0082D818 /* MapKit.framework */; };
		86968D541D426FE80082D818 /* CoreLocation.framework in Frameworks */ = {isa = PBXBuildFile; fileRef = 86968D531D426FE80082D818 /* CoreLocation.framework */; };
		86BAB3AB1D454DCC00EC2C55 /* MapDetailViewController.m in Sources */ = {isa = PBXBuildFile; fileRef = 86BAB3AA1D454DCC00EC2C55 /* MapDetailViewController.m */; };
		86BAB3AE1D4564BF00EC2C55 /* MyAnnotation.m in Sources */ = {isa = PBXBuildFile; fileRef = 86BAB3AD1D4564BF00EC2C55 /* MyAnnotation.m */; };
		86BAB3B11D456D9500EC2C55 /* CustomPinAnnotationView.m in Sources */ = {isa = PBXBuildFile; fileRef = 86BAB3B01D456D9500EC2C55 /* CustomPinAnnotationView.m */; };
		86BAB3B31D45739500EC2C55 /* sell.png in Resources */ = {isa = PBXBuildFile; fileRef = 86BAB3B21D45739500EC2C55 /* sell.png */; };
		86BAB3B51D45739C00EC2C55 /* rent.png in Resources */ = {isa = PBXBuildFile; fileRef = 86BAB3B41D45739C00EC2C55 /* rent.png */; };
		86BAB3B71D459A2400EC2C55 /* pin.png in Resources */ = {isa = PBXBuildFile; fileRef = 86BAB3B61D459A2400EC2C55 /* pin.png */; };
		86BAB3BA1D45F78900EC2C55 /* FavlistViewController.m in Sources */ = {isa = PBXBuildFile; fileRef = 86BAB3B91D45F78900EC2C55 /* FavlistViewController.m */; };
		86BAB3BD1D45F92B00EC2C55 /* CoreDataTableViewCell.m in Sources */ = {isa = PBXBuildFile; fileRef = 86BAB3BC1D45F92B00EC2C55 /* CoreDataTableViewCell.m */; };
/* End PBXBuildFile section */

/* Begin PBXFileReference section */
		23D614111D4071DB00627307 /* RegisterViewController.h */ = {isa = PBXFileReference; fileEncoding = 4; lastKnownFileType = sourcecode.c.h; path = RegisterViewController.h; sourceTree = "<group>"; };
		23D614121D4071DB00627307 /* RegisterViewController.m */ = {isa = PBXFileReference; fileEncoding = 4; lastKnownFileType = sourcecode.c.objc; path = RegisterViewController.m; sourceTree = "<group>"; };
		8603FF231D40A3B3009A3139 /* BuyerMainViewController.h */ = {isa = PBXFileReference; fileEncoding = 4; lastKnownFileType = sourcecode.c.h; path = BuyerMainViewController.h; sourceTree = "<group>"; };
		8603FF241D40A3B3009A3139 /* BuyerMainViewController.m */ = {isa = PBXFileReference; fileEncoding = 4; lastKnownFileType = sourcecode.c.objc; path = BuyerMainViewController.m; sourceTree = "<group>"; };
		8603FF281D40AAAA009A3139 /* search.png */ = {isa = PBXFileReference; lastKnownFileType = image.png; path = search.png; sourceTree = "<group>"; };
		861076B21D401BC200E391F6 /* RentHouseProject.app */ = {isa = PBXFileReference; explicitFileType = wrapper.application; includeInIndex = 0; path = RentHouseProject.app; sourceTree = BUILT_PRODUCTS_DIR; };
		861076B61D401BC200E391F6 /* main.m */ = {isa = PBXFileReference; lastKnownFileType = sourcecode.c.objc; path = main.m; sourceTree = "<group>"; };
		861076B81D401BC200E391F6 /* AppDelegate.h */ = {isa = PBXFileReference; lastKnownFileType = sourcecode.c.h; path = AppDelegate.h; sourceTree = "<group>"; };
		861076B91D401BC200E391F6 /* AppDelegate.m */ = {isa = PBXFileReference; lastKnownFileType = sourcecode.c.objc; path = AppDelegate.m; sourceTree = "<group>"; };
		861076BB1D401BC200E391F6 /* ViewController.h */ = {isa = PBXFileReference; lastKnownFileType = sourcecode.c.h; path = ViewController.h; sourceTree = "<group>"; };
		861076BC1D401BC200E391F6 /* ViewController.m */ = {isa = PBXFileReference; lastKnownFileType = sourcecode.c.objc; path = ViewController.m; sourceTree = "<group>"; };
		861076BF1D401BC200E391F6 /* Base */ = {isa = PBXFileReference; lastKnownFileType = file.storyboard; name = Base; path = Base.lproj/Main.storyboard; sourceTree = "<group>"; };
		861076C21D401BC200E391F6 /* RentHouseProject.xcdatamodel */ = {isa = PBXFileReference; lastKnownFileType = wrapper.xcdatamodel; path = RentHouseProject.xcdatamodel; sourceTree = "<group>"; };
		861076C41D401BC200E391F6 /* Assets.xcassets */ = {isa = PBXFileReference; lastKnownFileType = folder.assetcatalog; path = Assets.xcassets; sourceTree = "<group>"; };
		861076C71D401BC200E391F6 /* Base */ = {isa = PBXFileReference; lastKnownFileType = file.storyboard; name = Base; path = Base.lproj/LaunchScreen.storyboard; sourceTree = "<group>"; };
		861076C91D401BC200E391F6 /* Info.plist */ = {isa = PBXFileReference; lastKnownFileType = text.plist.xml; path = Info.plist; sourceTree = "<group>"; };
		867920C01D41EC940048BC1A /* MapViewController.h */ = {isa = PBXFileReference; fileEncoding = 4; lastKnownFileType = sourcecode.c.h; path = MapViewController.h; sourceTree = "<group>"; };
		867920C11D41EC940048BC1A /* MapViewController.m */ = {isa = PBXFileReference; fileEncoding = 4; lastKnownFileType = sourcecode.c.objc; path = MapViewController.m; sourceTree = "<group>"; };
		86836B201D413DC1000A57EB /* bluebar.png */ = {isa = PBXFileReference; lastKnownFileType = image.png; path = bluebar.png; sourceTree = "<group>"; };
		86836B211D413DC1000A57EB /* selectedbluebar.png */ = {isa = PBXFileReference; lastKnownFileType = image.png; path = selectedbluebar.png; sourceTree = "<group>"; };
		868676C51D487A05002C1280 /* back_arrow.png */ = {isa = PBXFileReference; lastKnownFileType = image.png; path = back_arrow.png; sourceTree = "<group>"; };
		868676C61D487A05002C1280 /* map_icon.png */ = {isa = PBXFileReference; lastKnownFileType = image.png; path = map_icon.png; sourceTree = "<group>"; };
		868676C71D487A05002C1280 /* search_icon.png */ = {isa = PBXFileReference; lastKnownFileType = image.png; path = search_icon.png; sourceTree = "<group>"; };
		868676CD1D48841C002C1280 /* bg_blue.jpg */ = {isa = PBXFileReference; lastKnownFileType = image.jpeg; path = bg_blue.jpg; sourceTree = "<group>"; };
		868676CE1D48841C002C1280 /* rainbow_bg.jpeg */ = {isa = PBXFileReference; lastKnownFileType = image.jpeg; path = rainbow_bg.jpeg; sourceTree = "<group>"; };
		868676D11D48850D002C1280 /* bg_pure.jpg */ = {isa = PBXFileReference; lastKnownFileType = image.jpeg; path = bg_pure.jpg; sourceTree = "<group>"; };
		868676D31D4893A5002C1280 /* add.png */ = {isa = PBXFileReference; lastKnownFileType = image.png; path = add.png; sourceTree = "<group>"; };
		868676D51D489466002C1280 /* proInforlogo.png */ = {isa = PBXFileReference; lastKnownFileType = image.png; path = proInforlogo.png; sourceTree = "<group>"; };
		868676D71D4894F3002C1280 /* maplogosel.png */ = {isa = PBXFileReference; lastKnownFileType = image.png; path = maplogosel.png; sourceTree = "<group>"; };
		868676D91D489541002C1280 /* star.png */ = {isa = PBXFileReference; lastKnownFileType = image.png; path = star.png; sourceTree = "<group>"; };
		868676DD1D4895D9002C1280 /* list.png */ = {isa = PBXFileReference; lastKnownFileType = image.png; path = list.png; sourceTree = "<group>"; };
		868676DF1D489625002C1280 /* share.png */ = {isa = PBXFileReference; lastKnownFileType = image.png; path = share.png; sourceTree = "<group>"; };
		868676E11D4896A8002C1280 /* favlistlogo.png */ = {isa = PBXFileReference; lastKnownFileType = image.png; path = favlistlogo.png; sourceTree = "<group>"; };
		868676E31D489B80002C1280 /* bg_wood.jpg */ = {isa = PBXFileReference; lastKnownFileType = image.jpeg; path = bg_wood.jpg; sourceTree = "<group>"; };
		868676E41D489B80002C1280 /* bgcloud.jpeg */ = {isa = PBXFileReference; lastKnownFileType = image.jpeg; path = bgcloud.jpeg; sourceTree = "<group>"; };
		868676E51D489B80002C1280 /* bgskyblue.jpg */ = {isa = PBXFileReference; lastKnownFileType = image.jpeg; path = bgskyblue.jpg; sourceTree = "<group>"; };
		868676E91D489F94002C1280 /* FavDetailViewController.h */ = {isa = PBXFileReference; fileEncoding = 4; lastKnownFileType = sourcecode.c.h; path = FavDetailViewController.h; sourceTree = "<group>"; };
		868676EA1D489F94002C1280 /* FavDetailViewController.m */ = {isa = PBXFileReference; fileEncoding = 4; lastKnownFileType = sourcecode.c.objc; path = FavDetailViewController.m; sourceTree = "<group>"; };
		86968D511D426FDE0082D818 /* MapKit.framework */ = {isa = PBXFileReference; lastKnownFileType = wrapper.framework; name = MapKit.framework; path = System/Library/Frameworks/MapKit.framework; sourceTree = SDKROOT; };
		86968D531D426FE80082D818 /* CoreLocation.framework */ = {isa = PBXFileReference; lastKnownFileType = wrapper.framework; name = CoreLocation.framework; path = System/Library/Frameworks/CoreLocation.framework; sourceTree = SDKROOT; };
		86BAB3A91D454DCC00EC2C55 /* MapDetailViewController.h */ = {isa = PBXFileReference; fileEncoding = 4; lastKnownFileType = sourcecode.c.h; path = MapDetailViewController.h; sourceTree = "<group>"; };
		86BAB3AA1D454DCC00EC2C55 /* MapDetailViewController.m */ = {isa = PBXFileReference; fileEncoding = 4; lastKnownFileType = sourcecode.c.objc; path = MapDetailViewController.m; sourceTree = "<group>"; };
		86BAB3AC1D4564BF00EC2C55 /* MyAnnotation.h */ = {isa = PBXFileReference; fileEncoding = 4; lastKnownFileType = sourcecode.c.h; path = MyAnnotation.h; sourceTree = "<group>"; };
		86BAB3AD1D4564BF00EC2C55 /* MyAnnotation.m */ = {isa = PBXFileReference; fileEncoding = 4; lastKnownFileType = sourcecode.c.objc; path = MyAnnotation.m; sourceTree = "<group>"; };
		86BAB3AF1D456D9500EC2C55 /* CustomPinAnnotationView.h */ = {isa = PBXFileReference; fileEncoding = 4; lastKnownFileType = sourcecode.c.h; path = CustomPinAnnotationView.h; sourceTree = "<group>"; };
		86BAB3B01D456D9500EC2C55 /* CustomPinAnnotationView.m */ = {isa = PBXFileReference; fileEncoding = 4; lastKnownFileType = sourcecode.c.objc; path = CustomPinAnnotationView.m; sourceTree = "<group>"; };
		86BAB3B21D45739500EC2C55 /* sell.png */ = {isa = PBXFileReference; lastKnownFileType = image.png; path = sell.png; sourceTree = "<group>"; };
		86BAB3B41D45739C00EC2C55 /* rent.png */ = {isa = PBXFileReference; lastKnownFileType = image.png; path = rent.png; sourceTree = "<group>"; };
		86BAB3B61D459A2400EC2C55 /* pin.png */ = {isa = PBXFileReference; lastKnownFileType = image.png; path = pin.png; sourceTree = "<group>"; };
		86BAB3B81D45F78900EC2C55 /* FavlistViewController.h */ = {isa = PBXFileReference; fileEncoding = 4; lastKnownFileType = sourcecode.c.h; path = FavlistViewController.h; sourceTree = "<group>"; };
		86BAB3B91D45F78900EC2C55 /* FavlistViewController.m */ = {isa = PBXFileReference; fileEncoding = 4; lastKnownFileType = sourcecode.c.objc; path = FavlistViewController.m; sourceTree = "<group>"; };
		86BAB3BB1D45F92B00EC2C55 /* CoreDataTableViewCell.h */ = {isa = PBXFileReference; fileEncoding = 4; lastKnownFileType = sourcecode.c.h; path = CoreDataTableViewCell.h; sourceTree = "<group>"; };
		86BAB3BC1D45F92B00EC2C55 /* CoreDataTableViewCell.m */ = {isa = PBXFileReference; fileEncoding = 4; lastKnownFileType = sourcecode.c.objc; path = CoreDataTableViewCell.m; sourceTree = "<group>"; };
/* End PBXFileReference section */

/* Begin PBXFrameworksBuildPhase section */
		861076AF1D401BC200E391F6 /* Frameworks */ = {
			isa = PBXFrameworksBuildPhase;
			buildActionMask = 2147483647;
			files = (
				86968D541D426FE80082D818 /* CoreLocation.framework in Frameworks */,
				86968D521D426FDE0082D818 /* MapKit.framework in Frameworks */,
			);
			runOnlyForDeploymentPostprocessing = 0;
		};
/* End PBXFrameworksBuildPhase section */

/* Begin PBXGroup section */
		239D18811D401E5E00B5D42D /* login&register */ = {
			isa = PBXGroup;
			children = (
				861076BB1D401BC200E391F6 /* ViewController.h */,
				861076BC1D401BC200E391F6 /* ViewController.m */,
				23D614111D4071DB00627307 /* RegisterViewController.h */,
				23D614121D4071DB00627307 /* RegisterViewController.m */,
			);
			name = "login&register";
			sourceTree = "<group>";
		};
		239D18821D401E8300B5D42D /* seller */ = {
			isa = PBXGroup;
			children = (
			);
			name = seller;
			sourceTree = "<group>";
		};
		239D18831D401E8B00B5D42D /* buyer */ = {
			isa = PBXGroup;
			children = (
				8603FF271D40A6D2009A3139 /* MainView */,
				8681F32A1D42C6FE002A8858 /* MapView */,
				868676EC1D489FA8002C1280 /* Favorite List */,
				8603FF261D40A6C6009A3139 /* icons */,
			);
			name = buyer;
			sourceTree = "<group>";
		};
		8603FF261D40A6C6009A3139 /* icons */ = {
			isa = PBXGroup;
			children = (
				868676E11D4896A8002C1280 /* favlistlogo.png */,
				868676DF1D489625002C1280 /* share.png */,
				868676DD1D4895D9002C1280 /* list.png */,
				868676D91D489541002C1280 /* star.png */,
				868676D71D4894F3002C1280 /* maplogosel.png */,
				868676D51D489466002C1280 /* proInforlogo.png */,
				868676D31D4893A5002C1280 /* add.png */,
				868676D11D48850D002C1280 /* bg_pure.jpg */,
				868676C51D487A05002C1280 /* back_arrow.png */,
				868676C61D487A05002C1280 /* map_icon.png */,
				868676C71D487A05002C1280 /* search_icon.png */,
				86BAB3B61D459A2400EC2C55 /* pin.png */,
				86BAB3B41D45739C00EC2C55 /* rent.png */,
				86BAB3B21D45739500EC2C55 /* sell.png */,
				8603FF281D40AAAA009A3139 /* search.png */,
				86836B201D413DC1000A57EB /* bluebar.png */,
				86836B211D413DC1000A57EB /* selectedbluebar.png */,
				868676E31D489B80002C1280 /* bg_wood.jpg */,
				868676E41D489B80002C1280 /* bgcloud.jpeg */,
				868676E51D489B80002C1280 /* bgskyblue.jpg */,
				868676CD1D48841C002C1280 /* bg_blue.jpg */,
				868676CE1D48841C002C1280 /* rainbow_bg.jpeg */,
			);
			name = icons;
			sourceTree = "<group>";
		};
		8603FF271D40A6D2009A3139 /* MainView */ = {
			isa = PBXGroup;
			children = (
				8603FF231D40A3B3009A3139 /* BuyerMainViewController.h */,
				8603FF241D40A3B3009A3139 /* BuyerMainViewController.m */,
			);
			name = MainView;
			sourceTree = "<group>";
		};
		861076A91D401BC200E391F6 = {
			isa = PBXGroup;
			children = (
				86968D531D426FE80082D818 /* CoreLocation.framework */,
				86968D511D426FDE0082D818 /* MapKit.framework */,
				861076B41D401BC200E391F6 /* RentHouseProject */,
				861076B31D401BC200E391F6 /* Products */,
			);
			sourceTree = "<group>";
		};
		861076B31D401BC200E391F6 /* Products */ = {
			isa = PBXGroup;
			children = (
				861076B21D401BC200E391F6 /* RentHouseProject.app */,
			);
			name = Products;
			sourceTree = "<group>";
		};
		861076B41D401BC200E391F6 /* RentHouseProject */ = {
			isa = PBXGroup;
			children = (
				861076BE1D401BC200E391F6 /* Main.storyboard */,
				861076B81D401BC200E391F6 /* AppDelegate.h */,
				861076B91D401BC200E391F6 /* AppDelegate.m */,
				239D18811D401E5E00B5D42D /* login&register */,
				239D18831D401E8B00B5D42D /* buyer */,
				239D18821D401E8300B5D42D /* seller */,
				861076C41D401BC200E391F6 /* Assets.xcassets */,
				861076C61D401BC200E391F6 /* LaunchScreen.storyboard */,
				861076C91D401BC200E391F6 /* Info.plist */,
				861076C11D401BC200E391F6 /* RentHouseProject.xcdatamodeld */,
				861076B51D401BC200E391F6 /* Supporting Files */,
			);
			path = RentHouseProject;
			sourceTree = "<group>";
		};
		861076B51D401BC200E391F6 /* Supporting Files */ = {
			isa = PBXGroup;
			children = (
				861076B61D401BC200E391F6 /* main.m */,
			);
			name = "Supporting Files";
			sourceTree = "<group>";
		};
		8681F32A1D42C6FE002A8858 /* MapView */ = {
			isa = PBXGroup;
			children = (
				867920C01D41EC940048BC1A /* MapViewController.h */,
				867920C11D41EC940048BC1A /* MapViewController.m */,
				86BAB3AC1D4564BF00EC2C55 /* MyAnnotation.h */,
				86BAB3AD1D4564BF00EC2C55 /* MyAnnotation.m */,
				86BAB3AF1D456D9500EC2C55 /* CustomPinAnnotationView.h */,
				86BAB3B01D456D9500EC2C55 /* CustomPinAnnotationView.m */,
				86BAB3A91D454DCC00EC2C55 /* MapDetailViewController.h */,
				86BAB3AA1D454DCC00EC2C55 /* MapDetailViewController.m */,
			);
			name = MapView;
			sourceTree = "<group>";
		};
		868676EC1D489FA8002C1280 /* Favorite List */ = {
			isa = PBXGroup;
			children = (
				86BAB3B81D45F78900EC2C55 /* FavlistViewController.h */,
				86BAB3B91D45F78900EC2C55 /* FavlistViewController.m */,
				86BAB3BB1D45F92B00EC2C55 /* CoreDataTableViewCell.h */,
				86BAB3BC1D45F92B00EC2C55 /* CoreDataTableViewCell.m */,
				868676E91D489F94002C1280 /* FavDetailViewController.h */,
				868676EA1D489F94002C1280 /* FavDetailViewController.m */,
			);
			name = "Favorite List";
			sourceTree = "<group>";
		};
/* End PBXGroup section */

/* Begin PBXNativeTarget section */
		861076B11D401BC200E391F6 /* RentHouseProject */ = {
			isa = PBXNativeTarget;
			buildConfigurationList = 861076CC1D401BC200E391F6 /* Build configuration list for PBXNativeTarget "RentHouseProject" */;
			buildPhases = (
				861076AE1D401BC200E391F6 /* Sources */,
				861076AF1D401BC200E391F6 /* Frameworks */,
				861076B01D401BC200E391F6 /* Resources */,
			);
			buildRules = (
			);
			dependencies = (
			);
			name = RentHouseProject;
			productName = RentHouseProject;
			productReference = 861076B21D401BC200E391F6 /* RentHouseProject.app */;
			productType = "com.apple.product-type.application";
		};
/* End PBXNativeTarget section */

/* Begin PBXProject section */
		861076AA1D401BC200E391F6 /* Project object */ = {
			isa = PBXProject;
			attributes = {
				LastUpgradeCheck = 0730;
				ORGANIZATIONNAME = Chenyang;
				TargetAttributes = {
					861076B11D401BC200E391F6 = {
						CreatedOnToolsVersion = 7.3.1;
						DevelopmentTeam = 65BW3B3MTY;
					};
				};
			};
			buildConfigurationList = 861076AD1D401BC200E391F6 /* Build configuration list for PBXProject "RentHouseProject" */;
			compatibilityVersion = "Xcode 3.2";
			developmentRegion = English;
			hasScannedForEncodings = 0;
			knownRegions = (
				en,
				Base,
			);
			mainGroup = 861076A91D401BC200E391F6;
			productRefGroup = 861076B31D401BC200E391F6 /* Products */;
			projectDirPath = "";
			projectRoot = "";
			targets = (
				861076B11D401BC200E391F6 /* RentHouseProject */,
			);
		};
/* End PBXProject section */

/* Begin PBXResourcesBuildPhase section */
		861076B01D401BC200E391F6 /* Resources */ = {
			isa = PBXResourcesBuildPhase;
			buildActionMask = 2147483647;
			files = (
				868676D81D4894F3002C1280 /* maplogosel.png in Resources */,
				868676CA1D487A05002C1280 /* search_icon.png in Resources */,
				861076C81D401BC200E391F6 /* LaunchScreen.storyboard in Resources */,
				861076C51D401BC200E391F6 /* Assets.xcassets in Resources */,
				868676D41D4893A5002C1280 /* add.png in Resources */,
				868676C81D487A05002C1280 /* back_arrow.png in Resources */,
				86BAB3B31D45739500EC2C55 /* sell.png in Resources */,
				86836B231D413DC1000A57EB /* selectedbluebar.png in Resources */,
				86BAB3B51D45739C00EC2C55 /* rent.png in Resources */,
				868676C91D487A05002C1280 /* map_icon.png in Resources */,
				868676E61D489B80002C1280 /* bg_wood.jpg in Resources */,
				868676E01D489625002C1280 /* share.png in Resources */,
				868676E81D489B80002C1280 /* bgskyblue.jpg in Resources */,
				861076C01D401BC200E391F6 /* Main.storyboard in Resources */,
				868676D01D48841C002C1280 /* rainbow_bg.jpeg in Resources */,
				868676DA1D489541002C1280 /* star.png in Resources */,
				868676E21D4896A8002C1280 /* favlistlogo.png in Resources */,
				868676E71D489B80002C1280 /* bgcloud.jpeg in Resources */,
				868676D61D489466002C1280 /* proInforlogo.png in Resources */,
				86BAB3B71D459A2400EC2C55 /* pin.png in Resources */,
				868676DE1D4895D9002C1280 /* list.png in Resources */,
				868676D21D48850D002C1280 /* bg_pure.jpg in Resources */,
				868676CF1D48841C002C1280 /* bg_blue.jpg in Resources */,
				86836B221D413DC1000A57EB /* bluebar.png in Resources */,
				8603FF291D40AAAA009A3139 /* search.png in Resources */,
			);
			runOnlyForDeploymentPostprocessing = 0;
		};
/* End PBXResourcesBuildPhase section */

/* Begin PBXSourcesBuildPhase section */
		861076AE1D401BC200E391F6 /* Sources */ = {
			isa = PBXSourcesBuildPhase;
			buildActionMask = 2147483647;
			files = (
				23D614131D4071DB00627307 /* RegisterViewController.m in Sources */,
				861076BD1D401BC200E391F6 /* ViewController.m in Sources */,
				868676EB1D489F94002C1280 /* FavDetailViewController.m in Sources */,
				861076C31D401BC200E391F6 /* RentHouseProject.xcdatamodeld in Sources */,
				861076BA1D401BC200E391F6 /* AppDelegate.m in Sources */,
				86BAB3BD1D45F92B00EC2C55 /* CoreDataTableViewCell.m in Sources */,
				86BAB3AB1D454DCC00EC2C55 /* MapDetailViewController.m in Sources */,
				861076B71D401BC200E391F6 /* main.m in Sources */,
				8603FF251D40A3B3009A3139 /* BuyerMainViewController.m in Sources */,
				86BAB3BA1D45F78900EC2C55 /* FavlistViewController.m in Sources */,
				867920C21D41EC940048BC1A /* MapViewController.m in Sources */,
				86BAB3B11D456D9500EC2C55 /* CustomPinAnnotationView.m in Sources */,
				86BAB3AE1D4564BF00EC2C55 /* MyAnnotation.m in Sources */,
			);
			runOnlyForDeploymentPostprocessing = 0;
		};
/* End PBXSourcesBuildPhase section */

/* Begin PBXVariantGroup section */
		861076BE1D401BC200E391F6 /* Main.storyboard */ = {
			isa = PBXVariantGroup;
			children = (
				861076BF1D401BC200E391F6 /* Base */,
			);
			name = Main.storyboard;
			sourceTree = "<group>";
		};
		861076C61D401BC200E391F6 /* LaunchScreen.storyboard */ = {
			isa = PBXVariantGroup;
			children = (
				861076C71D401BC200E391F6 /* Base */,
			);
			name = LaunchScreen.storyboard;
			sourceTree = "<group>";
		};
/* End PBXVariantGroup section */

/* Begin XCBuildConfiguration section */
		861076CA1D401BC200E391F6 /* Debug */ = {
			isa = XCBuildConfiguration;
			buildSettings = {
				ALWAYS_SEARCH_USER_PATHS = NO;
				CLANG_ANALYZER_NONNULL = YES;
				CLANG_CXX_LANGUAGE_STANDARD = "gnu++0x";
				CLANG_CXX_LIBRARY = "libc++";
				CLANG_ENABLE_MODULES = YES;
				CLANG_ENABLE_OBJC_ARC = YES;
				CLANG_WARN_BOOL_CONVERSION = YES;
				CLANG_WARN_CONSTANT_CONVERSION = YES;
				CLANG_WARN_DIRECT_OBJC_ISA_USAGE = YES_ERROR;
				CLANG_WARN_EMPTY_BODY = YES;
				CLANG_WARN_ENUM_CONVERSION = YES;
				CLANG_WARN_INT_CONVERSION = YES;
				CLANG_WARN_OBJC_ROOT_CLASS = YES_ERROR;
				CLANG_WARN_UNREACHABLE_CODE = YES;
				CLANG_WARN__DUPLICATE_METHOD_MATCH = YES;
				"CODE_SIGN_IDENTITY[sdk=iphoneos*]" = "iPhone Developer";
				COPY_PHASE_STRIP = NO;
				DEBUG_INFORMATION_FORMAT = dwarf;
				ENABLE_STRICT_OBJC_MSGSEND = YES;
				ENABLE_TESTABILITY = YES;
				GCC_C_LANGUAGE_STANDARD = gnu99;
				GCC_DYNAMIC_NO_PIC = NO;
				GCC_NO_COMMON_BLOCKS = YES;
				GCC_OPTIMIZATION_LEVEL = 0;
				GCC_PREPROCESSOR_DEFINITIONS = (
					"DEBUG=1",
					"$(inherited)",
				);
				GCC_WARN_64_TO_32_BIT_CONVERSION = YES;
				GCC_WARN_ABOUT_RETURN_TYPE = YES_ERROR;
				GCC_WARN_UNDECLARED_SELECTOR = YES;
				GCC_WARN_UNINITIALIZED_AUTOS = YES_AGGRESSIVE;
				GCC_WARN_UNUSED_FUNCTION = YES;
				GCC_WARN_UNUSED_VARIABLE = YES;
				IPHONEOS_DEPLOYMENT_TARGET = 9.3;
				MTL_ENABLE_DEBUG_INFO = YES;
				ONLY_ACTIVE_ARCH = YES;
				SDKROOT = iphoneos;
			};
			name = Debug;
		};
		861076CB1D401BC200E391F6 /* Release */ = {
			isa = XCBuildConfiguration;
			buildSettings = {
				ALWAYS_SEARCH_USER_PATHS = NO;
				CLANG_ANALYZER_NONNULL = YES;
				CLANG_CXX_LANGUAGE_STANDARD = "gnu++0x";
				CLANG_CXX_LIBRARY = "libc++";
				CLANG_ENABLE_MODULES = YES;
				CLANG_ENABLE_OBJC_ARC = YES;
				CLANG_WARN_BOOL_CONVERSION = YES;
				CLANG_WARN_CONSTANT_CONVERSION = YES;
				CLANG_WARN_DIRECT_OBJC_ISA_USAGE = YES_ERROR;
				CLANG_WARN_EMPTY_BODY = YES;
				CLANG_WARN_ENUM_CONVERSION = YES;
				CLANG_WARN_INT_CONVERSION = YES;
				CLANG_WARN_OBJC_ROOT_CLASS = YES_ERROR;
				CLANG_WARN_UNREACHABLE_CODE = YES;
				CLANG_WARN__DUPLICATE_METHOD_MATCH = YES;
				"CODE_SIGN_IDENTITY[sdk=iphoneos*]" = "iPhone Developer";
				COPY_PHASE_STRIP = NO;
				DEBUG_INFORMATION_FORMAT = "dwarf-with-dsym";
				ENABLE_NS_ASSERTIONS = NO;
				ENABLE_STRICT_OBJC_MSGSEND = YES;
				GCC_C_LANGUAGE_STANDARD = gnu99;
				GCC_NO_COMMON_BLOCKS = YES;
				GCC_WARN_64_TO_32_BIT_CONVERSION = YES;
				GCC_WARN_ABOUT_RETURN_TYPE = YES_ERROR;
				GCC_WARN_UNDECLARED_SELECTOR = YES;
				GCC_WARN_UNINITIALIZED_AUTOS = YES_AGGRESSIVE;
				GCC_WARN_UNUSED_FUNCTION = YES;
				GCC_WARN_UNUSED_VARIABLE = YES;
				IPHONEOS_DEPLOYMENT_TARGET = 9.3;
				MTL_ENABLE_DEBUG_INFO = NO;
				SDKROOT = iphoneos;
				VALIDATE_PRODUCT = YES;
			};
			name = Release;
		};
		861076CD1D401BC200E391F6 /* Debug */ = {
			isa = XCBuildConfiguration;
			buildSettings = {
				ASSETCATALOG_COMPILER_APPICON_NAME = AppIcon;
				CODE_SIGN_IDENTITY = "iPhone Developer";
				"CODE_SIGN_IDENTITY[sdk=iphoneos*]" = "iPhone Developer";
				INFOPLIST_FILE = RentHouseProject/Info.plist;
				LD_RUNPATH_SEARCH_PATHS = "$(inherited) @executable_path/Frameworks";
				PRODUCT_BUNDLE_IDENTIFIER = "IOS-Dev.RentHouseProject";
				PRODUCT_NAME = "$(TARGET_NAME)";
				PROVISIONING_PROFILE = "";
			};
			name = Debug;
		};
		861076CE1D401BC200E391F6 /* Release */ = {
			isa = XCBuildConfiguration;
			buildSettings = {
				ASSETCATALOG_COMPILER_APPICON_NAME = AppIcon;
				CODE_SIGN_IDENTITY = "iPhone Developer";
				"CODE_SIGN_IDENTITY[sdk=iphoneos*]" = "iPhone Developer";
				INFOPLIST_FILE = RentHouseProject/Info.plist;
				LD_RUNPATH_SEARCH_PATHS = "$(inherited) @executable_path/Frameworks";
				PRODUCT_BUNDLE_IDENTIFIER = "IOS-Dev.RentHouseProject";
				PRODUCT_NAME = "$(TARGET_NAME)";
				PROVISIONING_PROFILE = "";
			};
			name = Release;
		};
/* End XCBuildConfiguration section */

/* Begin XCConfigurationList section */
		861076AD1D401BC200E391F6 /* Build configuration list for PBXProject "RentHouseProject" */ = {
			isa = XCConfigurationList;
			buildConfigurations = (
				861076CA1D401BC200E391F6 /* Debug */,
				861076CB1D401BC200E391F6 /* Release */,
			);
			defaultConfigurationIsVisible = 0;
			defaultConfigurationName = Release;
		};
		861076CC1D401BC200E391F6 /* Build configuration list for PBXNativeTarget "RentHouseProject" */ = {
			isa = XCConfigurationList;
			buildConfigurations = (
				861076CD1D401BC200E391F6 /* Debug */,
				861076CE1D401BC200E391F6 /* Release */,
			);
			defaultConfigurationIsVisible = 0;
			defaultConfigurationName = Release;
		};
/* End XCConfigurationList section */

/* Begin XCVersionGroup section */
		861076C11D401BC200E391F6 /* RentHouseProject.xcdatamodeld */ = {
			isa = XCVersionGroup;
			children = (
				861076C21D401BC200E391F6 /* RentHouseProject.xcdatamodel */,
			);
			currentVersion = 861076C21D401BC200E391F6 /* RentHouseProject.xcdatamodel */;
			path = RentHouseProject.xcdatamodeld;
			sourceTree = "<group>";
			versionGroupType = wrapper.xcdatamodel;
		};
/* End XCVersionGroup section */
	};
	rootObject = 861076AA1D401BC200E391F6 /* Project object */;
}
